
Microsoft Visual Studio Solution File, Format Version 12.00
# Visual Studio Version 17
VisualStudioVersion = 17.9.34723.18
MinimumVisualStudioVersion = 10.0.40219.1
Project("{9A19103F-16F7-4668-BE54-9A1E7A4F7556}") = "Lesson1_homework", "Lesson1_homework\Lesson1_homework.csproj", "{D02D182F-A0A7-47A2-8B8A-DF80D41B5FF8}"
EndProject
Project("{FAE04EC0-301F-11D3-BF4B-00C04F79EFBC}") = "Lesson2_addition", "Lesson2_addition\Lesson2_addition.csproj", "{20E3F21F-C53B-48B3-BB7A-91112D1965C7}"
EndProject
Project("{FAE04EC0-301F-11D3-BF4B-00C04F79EFBC}") = "Lesson2_cycle_asterisks", "Lesson2_cycle_asterisks\Lesson2_cycle_asterisks.csproj", "{E652B125-DCEC-43FD-8A19-1197BC5C68CC}"
EndProject
Project("{FAE04EC0-301F-11D3-BF4B-00C04F79EFBC}") = "Lesson2_archer", "Lesson2_archer\Lesson2_archer.csproj", "{0E329976-75BE-4E24-AFBE-D5E2E02C8E4F}"
EndProject
Global
	GlobalSection(SolutionConfigurationPlatforms) = preSolution
		Debug|Any CPU = Debug|Any CPU
		Release|Any CPU = Release|Any CPU
	EndGlobalSection
	GlobalSection(ProjectConfigurationPlatforms) = postSolution
		{D02D182F-A0A7-47A2-8B8A-DF80D41B5FF8}.Debug|Any CPU.ActiveCfg = Debug|Any CPU
		{D02D182F-A0A7-47A2-8B8A-DF80D41B5FF8}.Debug|Any CPU.Build.0 = Debug|Any CPU
		{D02D182F-A0A7-47A2-8B8A-DF80D41B5FF8}.Release|Any CPU.ActiveCfg = Release|Any CPU
		{D02D182F-A0A7-47A2-8B8A-DF80D41B5FF8}.Release|Any CPU.Build.0 = Release|Any CPU
		{20E3F21F-C53B-48B3-BB7A-91112D1965C7}.Debug|Any CPU.ActiveCfg = Debug|Any CPU
		{20E3F21F-C53B-48B3-BB7A-91112D1965C7}.Debug|Any CPU.Build.0 = Debug|Any CPU
		{20E3F21F-C53B-48B3-BB7A-91112D1965C7}.Release|Any CPU.ActiveCfg = Release|Any CPU
		{20E3F21F-C53B-48B3-BB7A-91112D1965C7}.Release|Any CPU.Build.0 = Release|Any CPU
		{E652B125-DCEC-43FD-8A19-1197BC5C68CC}.Debug|Any CPU.ActiveCfg = Debug|Any CPU
		{E652B125-DCEC-43FD-8A19-1197BC5C68CC}.Debug|Any CPU.Build.0 = Debug|Any CPU
		{E652B125-DCEC-43FD-8A19-1197BC5C68CC}.Release|Any CPU.ActiveCfg = Release|Any CPU
		{E652B125-DCEC-43FD-8A19-1197BC5C68CC}.Release|Any CPU.Build.0 = Release|Any CPU
		{0E329976-75BE-4E24-AFBE-D5E2E02C8E4F}.Debug|Any CPU.ActiveCfg = Debug|Any CPU
		{0E329976-75BE-4E24-AFBE-D5E2E02C8E4F}.Debug|Any CPU.Build.0 = Debug|Any CPU
		{0E329976-75BE-4E24-AFBE-D5E2E02C8E4F}.Release|Any CPU.ActiveCfg = Release|Any CPU
		{0E329976-75BE-4E24-AFBE-D5E2E02C8E4F}.Release|Any CPU.Build.0 = Release|Any CPU
	EndGlobalSection
	GlobalSection(SolutionProperties) = preSolution
		HideSolutionNode = FALSE
	EndGlobalSection
	GlobalSection(ExtensibilityGlobals) = postSolution
		SolutionGuid = {62840366-8305-45C9-BAF5-88D03F215BBF}
	EndGlobalSection
EndGlobal
